// !$*UTF8*$!
{
	archiveVersion = 1;
	classes = {
	};
	objectVersion = 50;
	objects = {

/* Begin PBXBuildFile section */
		E0A303B12140F8BD0084E9D7 /* SignUPVC.swift in Sources */ = {isa = PBXBuildFile; fileRef = E0A303B02140F8BD0084E9D7 /* SignUPVC.swift */; };
		E0A303B32140FC950084E9D7 /* HomeVC.swift in Sources */ = {isa = PBXBuildFile; fileRef = E0A303B22140FC950084E9D7 /* HomeVC.swift */; };
		E0A303B52141BB940084E9D7 /* LocationSearchtable.swift in Sources */ = {isa = PBXBuildFile; fileRef = E0A303B42141BB940084E9D7 /* LocationSearchtable.swift */; };
		E0A303B72165D75D0084E9D7 /* findCabVC.swift in Sources */ = {isa = PBXBuildFile; fileRef = E0A303B62165D75D0084E9D7 /* findCabVC.swift */; };
		E0A303B921810DC80084E9D7 /* PaymentVC.swift in Sources */ = {isa = PBXBuildFile; fileRef = E0A303B821810DC80084E9D7 /* PaymentVC.swift */; };
		E0A303BD21810DF90084E9D7 /* FeedbackVC.swift in Sources */ = {isa = PBXBuildFile; fileRef = E0A303BC21810DF90084E9D7 /* FeedbackVC.swift */; };
		E0D16C702137BEB00034A942 /* AppDelegate.swift in Sources */ = {isa = PBXBuildFile; fileRef = E0D16C6F2137BEB00034A942 /* AppDelegate.swift */; };
		E0D16C722137BEB00034A942 /* LoginVC.swift in Sources */ = {isa = PBXBuildFile; fileRef = E0D16C712137BEB00034A942 /* LoginVC.swift */; };
		E0D16C752137BEB00034A942 /* Main.storyboard in Resources */ = {isa = PBXBuildFile; fileRef = E0D16C732137BEB00034A942 /* Main.storyboard */; };
		E0D16C772137BEB20034A942 /* Assets.xcassets in Resources */ = {isa = PBXBuildFile; fileRef = E0D16C762137BEB20034A942 /* Assets.xcassets */; };
		E0D16C7A2137BEB20034A942 /* LaunchScreen.storyboard in Resources */ = {isa = PBXBuildFile; fileRef = E0D16C782137BEB20034A942 /* LaunchScreen.storyboard */; };
/* End PBXBuildFile section */

/* Begin PBXFileReference section */
		E0A303B02140F8BD0084E9D7 /* SignUPVC.swift */ = {isa = PBXFileReference; lastKnownFileType = sourcecode.swift; path = SignUPVC.swift; sourceTree = "<group>"; };
		E0A303B22140FC950084E9D7 /* HomeVC.swift */ = {isa = PBXFileReference; lastKnownFileType = sourcecode.swift; path = HomeVC.swift; sourceTree = "<group>"; };
		E0A303B42141BB940084E9D7 /* LocationSearchtable.swift */ = {isa = PBXFileReference; lastKnownFileType = sourcecode.swift; path = LocationSearchtable.swift; sourceTree = "<group>"; };
		E0A303B62165D75D0084E9D7 /* findCabVC.swift */ = {isa = PBXFileReference; lastKnownFileType = sourcecode.swift; path = findCabVC.swift; sourceTree = "<group>"; };
		E0A303B821810DC80084E9D7 /* PaymentVC.swift */ = {isa = PBXFileReference; lastKnownFileType = sourcecode.swift; path = PaymentVC.swift; sourceTree = "<group>"; };
		E0A303BC21810DF90084E9D7 /* FeedbackVC.swift */ = {isa = PBXFileReference; lastKnownFileType = sourcecode.swift; path = FeedbackVC.swift; sourceTree = "<group>"; };
		E0D16C6C2137BEB00034A942 /* Uber Clone.app */ = {isa = PBXFileReference; explicitFileType = wrapper.application; includeInIndex = 0; path = "Uber Clone.app"; sourceTree = BUILT_PRODUCTS_DIR; };
		E0D16C6F2137BEB00034A942 /* AppDelegate.swift */ = {isa = PBXFileReference; lastKnownFileType = sourcecode.swift; path = AppDelegate.swift; sourceTree = "<group>"; };
		E0D16C712137BEB00034A942 /* LoginVC.swift */ = {isa = PBXFileReference; lastKnownFileType = sourcecode.swift; path = LoginVC.swift; sourceTree = "<group>"; };
		E0D16C742137BEB00034A942 /* Base */ = {isa = PBXFileReference; lastKnownFileType = file.storyboard; name = Base; path = Base.lproj/Main.storyboard; sourceTree = "<group>"; };
		E0D16C762137BEB20034A942 /* Assets.xcassets */ = {isa = PBXFileReference; lastKnownFileType = folder.assetcatalog; path = Assets.xcassets; sourceTree = "<group>"; };
		E0D16C792137BEB20034A942 /* Base */ = {isa = PBXFileReference; lastKnownFileType = file.storyboard; name = Base; path = Base.lproj/LaunchScreen.storyboard; sourceTree = "<group>"; };
		E0D16C7B2137BEB20034A942 /* Info.plist */ = {isa = PBXFileReference; lastKnownFileType = text.plist.xml; path = Info.plist; sourceTree = "<group>"; };
/* End PBXFileReference section */

/* Begin PBXFrameworksBuildPhase section */
		E0D16C692137BEB00034A942 /* Frameworks */ = {
			isa = PBXFrameworksBuildPhase;
			buildActionMask = 2147483647;
			files = (
			);
			runOnlyForDeploymentPostprocessing = 0;
		};
/* End PBXFrameworksBuildPhase section */

/* Begin PBXGroup section */
		E0A303AF2140F89F0084E9D7 /* view Controllers */ = {
			isa = PBXGroup;
			children = (
				E0D16C712137BEB00034A942 /* LoginVC.swift */,
				E0A303B02140F8BD0084E9D7 /* SignUPVC.swift */,
				E0A303B22140FC950084E9D7 /* HomeVC.swift */,
				E0A303B42141BB940084E9D7 /* LocationSearchtable.swift */,
				E0A303B62165D75D0084E9D7 /* findCabVC.swift */,
				E0A303B821810DC80084E9D7 /* PaymentVC.swift */,
				E0A303BC21810DF90084E9D7 /* FeedbackVC.swift */,
			);
			path = "view Controllers";
			sourceTree = "<group>";
		};
		E0D16C632137BEB00034A942 = {
			isa = PBXGroup;
			children = (
				E0D16C6E2137BEB00034A942 /* Uber Clone */,
				E0D16C6D2137BEB00034A942 /* Products */,
			);
			sourceTree = "<group>";
		};
		E0D16C6D2137BEB00034A942 /* Products */ = {
			isa = PBXGroup;
			children = (
				E0D16C6C2137BEB00034A942 /* Uber Clone.app */,
			);
			name = Products;
			sourceTree = "<group>";
		};
		E0D16C6E2137BEB00034A942 /* Uber Clone */ = {
			isa = PBXGroup;
			children = (
				E0A303AF2140F89F0084E9D7 /* view Controllers */,
				E0D16C6F2137BEB00034A942 /* AppDelegate.swift */,
				E0D16C732137BEB00034A942 /* Main.storyboard */,
				E0D16C762137BEB20034A942 /* Assets.xcassets */,
				E0D16C782137BEB20034A942 /* LaunchScreen.storyboard */,
				E0D16C7B2137BEB20034A942 /* Info.plist */,
			);
			path = "Uber Clone";
			sourceTree = "<group>";
		};
/* End PBXGroup section */

/* Begin PBXNativeTarget section */
		E0D16C6B2137BEB00034A942 /* Uber Clone */ = {
			isa = PBXNativeTarget;
			buildConfigurationList = E0D16C7E2137BEB20034A942 /* Build configuration list for PBXNativeTarget "Uber Clone" */;
			buildPhases = (
				E0D16C682137BEB00034A942 /* Sources */,
				E0D16C692137BEB00034A942 /* Frameworks */,
				E0D16C6A2137BEB00034A942 /* Resources */,
			);
			buildRules = (
			);
			dependencies = (
			);
			name = "Uber Clone";
			productName = "Uber Clone";
			productReference = E0D16C6C2137BEB00034A942 /* Uber Clone.app */;
			productType = "com.apple.product-type.application";
		};
/* End PBXNativeTarget section */

/* Begin PBXProject section */
		E0D16C642137BEB00034A942 /* Project object */ = {
			isa = PBXProject;
			attributes = {
				LastSwiftUpdateCheck = 0940;
				LastUpgradeCheck = 0940;
				ORGANIZATIONNAME = coded;
				TargetAttributes = {
					E0D16C6B2137BEB00034A942 = {
						CreatedOnToolsVersion = 9.4.1;
					};
				};
			};
			buildConfigurationList = E0D16C672137BEB00034A942 /* Build configuration list for PBXProject "Uber Clone" */;
			compatibilityVersion = "Xcode 9.3";
			developmentRegion = en;
			hasScannedForEncodings = 0;
			knownRegions = (
				en,
				Base,
			);
			mainGroup = E0D16C632137BEB00034A942;
			productRefGroup = E0D16C6D2137BEB00034A942 /* Products */;
			projectDirPath = "";
			projectRoot = "";
			targets = (
				E0D16C6B2137BEB00034A942 /* Uber Clone */,
			);
		};
/* End PBXProject section */

/* Begin PBXResourcesBuildPhase section */
		E0D16C6A2137BEB00034A942 /* Resources */ = {
			isa = PBXResourcesBuildPhase;
			buildActionMask = 2147483647;
			files = (
				E0D16C7A2137BEB20034A942 /* LaunchScreen.storyboard in Resources */,
				E0D16C772137BEB20034A942 /* Assets.xcassets in Resources */,
				E0D16C752137BEB00034A942 /* Main.storyboard in Resources */,
			);
			runOnlyForDeploymentPostprocessing = 0;
		};
/* End PBXResourcesBuildPhase section */

/* Begin PBXSourcesBuildPhase section */
		E0D16C682137BEB00034A942 /* Sources */ = {
			isa = PBXSourcesBuildPhase;
			buildActionMask = 2147483647;
			files = (
				E0A303B72165D75D0084E9D7 /* findCabVC.swift in Sources */,
				E0A303BD21810DF90084E9D7 /* FeedbackVC.swift in Sources */,
				E0D16C722137BEB00034A942 /* LoginVC.swift in Sources */,
				E0A303B32140FC950084E9D7 /* HomeVC.swift in Sources */,
				E0A303B12140F8BD0084E9D7 /* SignUPVC.swift in Sources */,
				E0A303B52141BB940084E9D7 /* LocationSearchtable.swift in Sources */,
				E0A303B921810DC80084E9D7 /* PaymentVC.swift in Sources */,
				E0D16C702137BEB00034A942 /* AppDelegate.swift in Sources */,
			);
			runOnlyForDeploymentPostprocessing = 0;
		};
/* End PBXSourcesBuildPhase section */

/* Begin PBXVariantGroup section */
		E0D16C732137BEB00034A942 /* Main.storyboard */ = {
			isa = PBXVariantGroup;
			children = (
				E0D16C742137BEB00034A942 /* Base */,
			);
			name = Main.storyboard;
			sourceTree = "<group>";
		};
		E0D16C782137BEB20034A942 /* LaunchScreen.storyboard */ = {
			isa = PBXVariantGroup;
			children = (
				E0D16C792137BEB20034A942 /* Base */,
			);
			name = LaunchScreen.storyboard;
			sourceTree = "<group>";
		};
/* End PBXVariantGroup section */

/* Begin XCBuildConfiguration section */
		E0D16C7C2137BEB20034A942 /* Debug */ = {
			isa = XCBuildConfiguration;
			buildSettings = {
				ALWAYS_SEARCH_USER_PATHS = NO;
				CLANG_ANALYZER_NONNULL = YES;
				CLANG_ANALYZER_NUMBER_OBJECT_CONVERSION = YES_AGGRESSIVE;
				CLANG_CXX_LANGUAGE_STANDARD = "gnu++14";
				CLANG_CXX_LIBRARY = "libc++";
				CLANG_ENABLE_MODULES = YES;
				CLANG_ENABLE_OBJC_ARC = YES;
				CLANG_ENABLE_OBJC_WEAK = YES;
				CLANG_WARN_BLOCK_CAPTURE_AUTORELEASING = YES;
				CLANG_WARN_BOOL_CONVERSION = YES;
				CLANG_WARN_COMMA = YES;
				CLANG_WARN_CONSTANT_CONVERSION = YES;
				CLANG_WARN_DEPRECATED_OBJC_IMPLEMENTATIONS = YES;
				CLANG_WARN_DIRECT_OBJC_ISA_USAGE = YES_ERROR;
				CLANG_WARN_DOCUMENTATION_COMMENTS = YES;
				CLANG_WARN_EMPTY_BODY = YES;
				CLANG_WARN_ENUM_CONVERSION = YES;
				CLANG_WARN_INFINITE_RECURSION = YES;
				CLANG_WARN_INT_CONVERSION = YES;
				CLANG_WARN_NON_LITERAL_NULL_CONVERSION = YES;
				CLANG_WARN_OBJC_IMPLICIT_RETAIN_SELF = YES;
				CLANG_WARN_OBJC_LITERAL_CONVERSION = YES;
				CLANG_WARN_OBJC_ROOT_CLASS = YES_ERROR;
				CLANG_WARN_RANGE_LOOP_ANALYSIS = YES;
				CLANG_WARN_STRICT_PROTOTYPES = YES;
				CLANG_WARN_SUSPICIOUS_MOVE = YES;
				CLANG_WARN_UNGUARDED_AVAILABILITY = YES_AGGRESSIVE;
				CLANG_WARN_UNREACHABLE_CODE = YES;
				CLANG_WARN__DUPLICATE_METHOD_MATCH = YES;
				CODE_SIGN_IDENTITY = "iPhone Developer";
				COPY_PHASE_STRIP = NO;
				DEBUG_INFORMATION_FORMAT = dwarf;
				ENABLE_STRICT_OBJC_MSGSEND = YES;
				ENABLE_TESTABILITY = YES;
				GCC_C_LANGUAGE_STANDARD = gnu11;
				GCC_DYNAMIC_NO_PIC = NO;
				GCC_NO_COMMON_BLOCKS = YES;
				GCC_OPTIMIZATION_LEVEL = 0;
				GCC_PREPROCESSOR_DEFINITIONS = (
					"DEBUG=1",
					"$(inherited)",
				);
				GCC_WARN_64_TO_32_BIT_CONVERSION = YES;
				GCC_WARN_ABOUT_RETURN_TYPE = YES_ERROR;
				GCC_WARN_UNDECLARED_SELECTOR = YES;
				GCC_WARN_UNINITIALIZED_AUTOS = YES_AGGRESSIVE;
				GCC_WARN_UNUSED_FUNCTION = YES;
				GCC_WARN_UNUSED_VARIABLE = YES;
				IPHONEOS_DEPLOYMENT_TARGET = 11.4;
				MTL_ENABLE_DEBUG_INFO = YES;
				ONLY_ACTIVE_ARCH = YES;
				SDKROOT = iphoneos;
				SWIFT_ACTIVE_COMPILATION_CONDITIONS = DEBUG;
				SWIFT_OPTIMIZATION_LEVEL = "-Onone";
			};
			name = Debug;
		};
		E0D16C7D2137BEB20034A942 /* Release */ = {
			isa = XCBuildConfiguration;
			buildSettings = {
				ALWAYS_SEARCH_USER_PATHS = NO;
				CLANG_ANALYZER_NONNULL = YES;
				CLANG_ANALYZER_NUMBER_OBJECT_CONVERSION = YES_AGGRESSIVE;
				CLANG_CXX_LANGUAGE_STANDARD = "gnu++14";
				CLANG_CXX_LIBRARY = "libc++";
				CLANG_ENABLE_MODULES = YES;
				CLANG_ENABLE_OBJC_ARC = YES;
				CLANG_ENABLE_OBJC_WEAK = YES;
				CLANG_WARN_BLOCK_CAPTURE_AUTORELEASING = YES;
				CLANG_WARN_BOOL_CONVERSION = YES;
				CLANG_WARN_COMMA = YES;
				CLANG_WARN_CONSTANT_CONVERSION = YES;
				CLANG_WARN_DEPRECATED_OBJC_IMPLEMENTATIONS = YES;
				CLANG_WARN_DIRECT_OBJC_ISA_USAGE = YES_ERROR;
				CLANG_WARN_DOCUMENTATION_COMMENTS = YES;
				CLANG_WARN_EMPTY_BODY = YES;
				CLANG_WARN_ENUM_CONVERSION = YES;
				CLANG_WARN_INFINITE_RECURSION = YES;
				CLANG_WARN_INT_CONVERSION = YES;
				CLANG_WARN_NON_LITERAL_NULL_CONVERSION = YES;
				CLANG_WARN_OBJC_IMPLICIT_RETAIN_SELF = YES;
				CLANG_WARN_OBJC_LITERAL_CONVERSION = YES;
				CLANG_WARN_OBJC_ROOT_CLASS = YES_ERROR;
				CLANG_WARN_RANGE_LOOP_ANALYSIS = YES;
				CLANG_WARN_STRICT_PROTOTYPES = YES;
				CLANG_WARN_SUSPICIOUS_MOVE = YES;
				CLANG_WARN_UNGUARDED_AVAILABILITY = YES_AGGRESSIVE;
				CLANG_WARN_UNREACHABLE_CODE = YES;
				CLANG_WARN__DUPLICATE_METHOD_MATCH = YES;
				CODE_SIGN_IDENTITY = "iPhone Developer";
				COPY_PHASE_STRIP = NO;
				DEBUG_INFORMATION_FORMAT = "dwarf-with-dsym";
				ENABLE_NS_ASSERTIONS = NO;
				ENABLE_STRICT_OBJC_MSGSEND = YES;
				GCC_C_LANGUAGE_STANDARD = gnu11;
				GCC_NO_COMMON_BLOCKS = YES;
				GCC_WARN_64_TO_32_BIT_CONVERSION = YES;
				GCC_WARN_ABOUT_RETURN_TYPE = YES_ERROR;
				GCC_WARN_UNDECLARED_SELECTOR = YES;
				GCC_WARN_UNINITIALIZED_AUTOS = YES_AGGRESSIVE;
				GCC_WARN_UNUSED_FUNCTION = YES;
				GCC_WARN_UNUSED_VARIABLE = YES;
				IPHONEOS_DEPLOYMENT_TARGET = 11.4;
				MTL_ENABLE_DEBUG_INFO = NO;
				SDKROOT = iphoneos;
				SWIFT_COMPILATION_MODE = wholemodule;
				SWIFT_OPTIMIZATION_LEVEL = "-O";
				VALIDATE_PRODUCT = YES;
			};
			name = Release;
		};
		E0D16C7F2137BEB20034A942 /* Debug */ = {
			isa = XCBuildConfiguration;
			buildSettings = {
				ASSETCATALOG_COMPILER_APPICON_NAME = AppIcon;
				CODE_SIGN_STYLE = Automatic;
				DEVELOPMENT_TEAM = J32C9YHJ44;
				INFOPLIST_FILE = "Uber Clone/Info.plist";
				LD_RUNPATH_SEARCH_PATHS = (
					"$(inherited)",
					"@executable_path/Frameworks",
				);
				PRODUCT_BUNDLE_IDENTIFIER = "coded.Uber-Clone";
				PRODUCT_NAME = "$(TARGET_NAME)";
				SWIFT_VERSION = 4.0;
				TARGETED_DEVICE_FAMILY = "1,2";
			};
			name = Debug;
		};
		E0D16C802137BEB20034A942 /* Release */ = {
			isa = XCBuildConfiguration;
			buildSettings = {
				ASSETCATALOG_COMPILER_APPICON_NAME = AppIcon;
				CODE_SIGN_STYLE = Automatic;
				DEVELOPMENT_TEAM = J32C9YHJ44;
				INFOPLIST_FILE = "Uber Clone/Info.plist";
				LD_RUNPATH_SEARCH_PATHS = (
					"$(inherited)",
					"@executable_path/Frameworks",
				);
				PRODUCT_BUNDLE_IDENTIFIER = "coded.Uber-Clone";
				PRODUCT_NAME = "$(TARGET_NAME)";
				SWIFT_VERSION = 4.0;
				TARGETED_DEVICE_FAMILY = "1,2";
			};
			name = Release;
		};
/* End XCBuildConfiguration section */

/* Begin XCConfigurationList section */
		E0D16C672137BEB00034A942 /* Build configuration list for PBXProject "Uber Clone" */ = {
			isa = XCConfigurationList;
			buildConfigurations = (
				E0D16C7C2137BEB20034A942 /* Debug */,
				E0D16C7D2137BEB20034A942 /* Release */,
			);
			defaultConfigurationIsVisible = 0;
			defaultConfigurationName = Release;
		};
		E0D16C7E2137BEB20034A942 /* Build configuration list for PBXNativeTarget "Uber Clone" */ = {
			isa = XCConfigurationList;
			buildConfigurations = (
				E0D16C7F2137BEB20034A942 /* Debug */,
				E0D16C802137BEB20034A942 /* Release */,
			);
			defaultConfigurationIsVisible = 0;
			defaultConfigurationName = Release;
		};
/* End XCConfigurationList section */
	};
	rootObject = E0D16C642137BEB00034A942 /* Project object */;
}
